
Microsoft Visual Studio Solution File, Format Version 12.00
# Visual Studio Version 17
VisualStudioVersion = 17.9.34701.34
MinimumVisualStudioVersion = 10.0.40219.1
Project("{FAE04EC0-301F-11D3-BF4B-00C04F79EFBC}") = "CalculadoraViajes", "CalculadoraViajes\CalculadoraViajes.csproj", "{464B6127-CD5A-492E-8E3B-E5F384EC9A25}"
EndProject
Global
	GlobalSection(SolutionConfigurationPlatforms) = preSolution
		Debug|Any CPU = Debug|Any CPU
		Release|Any CPU = Release|Any CPU
	EndGlobalSection
	GlobalSection(ProjectConfigurationPlatforms) = postSolution
		{464B6127-CD5A-492E-8E3B-E5F384EC9A25}.Debug|Any CPU.ActiveCfg = Debug|Any CPU
		{464B6127-CD5A-492E-8E3B-E5F384EC9A25}.Debug|Any CPU.Build.0 = Debug|Any CPU
		{464B6127-CD5A-492E-8E3B-E5F384EC9A25}.Release|Any CPU.ActiveCfg = Release|Any CPU
		{464B6127-CD5A-492E-8E3B-E5F384EC9A25}.Release|Any CPU.Build.0 = Release|Any CPU
	EndGlobalSection
	GlobalSection(SolutionProperties) = preSolution
		HideSolutionNode = FALSE
	EndGlobalSection
	GlobalSection(ExtensibilityGlobals) = postSolution
		SolutionGuid = {727335A8-8C36-45BE-9AE2-D92CBC896F13}
	EndGlobalSection
EndGlobal
